// !$*UTF8*$!
{
	archiveVersion = 1;
	classes = {
	};
	objectVersion = 50;
	objects = {

/* Begin PBXBuildFile section */
		0D1D0B6C25FD458C00ABF250 /* EarthquakeTableViewModelDelegate.swift in Sources */ = {isa = PBXBuildFile; fileRef = 0D1D0B6B25FD458C00ABF250 /* EarthquakeTableViewModelDelegate.swift */; };
		0D1D0B7425FD6C1700ABF250 /* EarthquakeDetailViewModelType.swift in Sources */ = {isa = PBXBuildFile; fileRef = 0D1D0B7325FD6C1700ABF250 /* EarthquakeDetailViewModelType.swift */; };
		0D1D0B7925FD6C5600ABF250 /* EarthquakeDetailViewModel.swift in Sources */ = {isa = PBXBuildFile; fileRef = 0D1D0B7825FD6C5600ABF250 /* EarthquakeDetailViewModel.swift */; };
		0D1D0B8825FDED6300ABF250 /* EarthquakeTests.swift in Sources */ = {isa = PBXBuildFile; fileRef = 0D1D0B8725FDED6300ABF250 /* EarthquakeTests.swift */; };
		0D1D0B9125FDEE5600ABF250 /* UnitTestHelpers.swift in Sources */ = {isa = PBXBuildFile; fileRef = 0D1D0B9025FDEE5600ABF250 /* UnitTestHelpers.swift */; };
		0D1D0BA225FEF9C000ABF250 /* EarthquakeMainPage.swift in Sources */ = {isa = PBXBuildFile; fileRef = 0D1D0BA125FEF9C000ABF250 /* EarthquakeMainPage.swift */; };
		0D1D0BAA25FEFB6800ABF250 /* AccessibilityIdentifiers.swift in Sources */ = {isa = PBXBuildFile; fileRef = 0D1D0BA925FEFB6800ABF250 /* AccessibilityIdentifiers.swift */; };
		0D1D0BAB25FEFB6800ABF250 /* AccessibilityIdentifiers.swift in Sources */ = {isa = PBXBuildFile; fileRef = 0D1D0BA925FEFB6800ABF250 /* AccessibilityIdentifiers.swift */; };
		0DAFA9C625F98CB200DDDF07 /* AppDelegate.swift in Sources */ = {isa = PBXBuildFile; fileRef = 0DAFA9C525F98CB200DDDF07 /* AppDelegate.swift */; };
		0DAFA9C825F98CB200DDDF07 /* SceneDelegate.swift in Sources */ = {isa = PBXBuildFile; fileRef = 0DAFA9C725F98CB200DDDF07 /* SceneDelegate.swift */; };
		0DAFA9CF25F98CB400DDDF07 /* Assets.xcassets in Resources */ = {isa = PBXBuildFile; fileRef = 0DAFA9CE25F98CB400DDDF07 /* Assets.xcassets */; };
		0DAFA9D225F98CB400DDDF07 /* LaunchScreen.storyboard in Resources */ = {isa = PBXBuildFile; fileRef = 0DAFA9D025F98CB400DDDF07 /* LaunchScreen.storyboard */; };
		0DAFA9E825F98CB400DDDF07 /* EarthquakesUITests.swift in Sources */ = {isa = PBXBuildFile; fileRef = 0DAFA9E725F98CB400DDDF07 /* EarthquakesUITests.swift */; };
		0DAFAA0225F98DFA00DDDF07 /* EarthquakeTableViewController.swift in Sources */ = {isa = PBXBuildFile; fileRef = 0DAFAA0125F98DFA00DDDF07 /* EarthquakeTableViewController.swift */; };
		0DAFAA0B25F991A200DDDF07 /* EarthquakeTableViewCell.swift in Sources */ = {isa = PBXBuildFile; fileRef = 0DAFAA0A25F991A200DDDF07 /* EarthquakeTableViewCell.swift */; };
		0DAFAA1525F992EF00DDDF07 /* EarthquakeDetailViewController.swift in Sources */ = {isa = PBXBuildFile; fileRef = 0DAFAA1425F992EF00DDDF07 /* EarthquakeDetailViewController.swift */; };
		0DC509EC25FA87E80088A48F /* EarthquakeCellViewModel.swift in Sources */ = {isa = PBXBuildFile; fileRef = 0DC509EB25FA87E80088A48F /* EarthquakeCellViewModel.swift */; };
		0DC509F125FA8D540088A48F /* Earthquake.swift in Sources */ = {isa = PBXBuildFile; fileRef = 0DC509F025FA8D540088A48F /* Earthquake.swift */; };
		0DC509FF25FADFEE0088A48F /* ApiService.swift in Sources */ = {isa = PBXBuildFile; fileRef = 0DC509FE25FADFEE0088A48F /* ApiService.swift */; };
		0DC50A0425FAF0490088A48F /* EQError.swift in Sources */ = {isa = PBXBuildFile; fileRef = 0DC50A0325FAF0490088A48F /* EQError.swift */; };
		0DC50A0D25FAFCFB0088A48F /* UIViewController+Extensions.swift in Sources */ = {isa = PBXBuildFile; fileRef = 0DC50A0C25FAFCFB0088A48F /* UIViewController+Extensions.swift */; };
		0DC50A1625FB042D0088A48F /* Date+Ext.swift in Sources */ = {isa = PBXBuildFile; fileRef = 0DC50A1525FB042D0088A48F /* Date+Ext.swift */; };
		0DC50A1C25FB35150088A48F /* EarthquakeTableViewModelType.swift in Sources */ = {isa = PBXBuildFile; fileRef = 0DC50A1B25FB35150088A48F /* EarthquakeTableViewModelType.swift */; };
		0DC50A2425FB357D0088A48F /* EarthquakeCellViewModelType.swift in Sources */ = {isa = PBXBuildFile; fileRef = 0DC50A2325FB357D0088A48F /* EarthquakeCellViewModelType.swift */; };
		0DC50A2C25FB36890088A48F /* EarthquakeTableViewModel.swift in Sources */ = {isa = PBXBuildFile; fileRef = 0DC50A2B25FB36890088A48F /* EarthquakeTableViewModel.swift */; };
/* End PBXBuildFile section */

/* Begin PBXContainerItemProxy section */
		0DAFA9D925F98CB400DDDF07 /* PBXContainerItemProxy */ = {
			isa = PBXContainerItemProxy;
			containerPortal = 0DAFA9BA25F98CB200DDDF07 /* Project object */;
			proxyType = 1;
			remoteGlobalIDString = 0DAFA9C125F98CB200DDDF07;
			remoteInfo = Earthquakes;
		};
		0DAFA9E425F98CB400DDDF07 /* PBXContainerItemProxy */ = {
			isa = PBXContainerItemProxy;
			containerPortal = 0DAFA9BA25F98CB200DDDF07 /* Project object */;
			proxyType = 1;
			remoteGlobalIDString = 0DAFA9C125F98CB200DDDF07;
			remoteInfo = Earthquakes;
		};
/* End PBXContainerItemProxy section */

/* Begin PBXFileReference section */
		0D1D0B6B25FD458C00ABF250 /* EarthquakeTableViewModelDelegate.swift */ = {isa = PBXFileReference; lastKnownFileType = sourcecode.swift; path = EarthquakeTableViewModelDelegate.swift; sourceTree = "<group>"; };
		0D1D0B7325FD6C1700ABF250 /* EarthquakeDetailViewModelType.swift */ = {isa = PBXFileReference; lastKnownFileType = sourcecode.swift; path = EarthquakeDetailViewModelType.swift; sourceTree = "<group>"; };
		0D1D0B7825FD6C5600ABF250 /* EarthquakeDetailViewModel.swift */ = {isa = PBXFileReference; lastKnownFileType = sourcecode.swift; path = EarthquakeDetailViewModel.swift; sourceTree = "<group>"; };
		0D1D0B8725FDED6300ABF250 /* EarthquakeTests.swift */ = {isa = PBXFileReference; lastKnownFileType = sourcecode.swift; path = EarthquakeTests.swift; sourceTree = "<group>"; };
		0D1D0B9025FDEE5600ABF250 /* UnitTestHelpers.swift */ = {isa = PBXFileReference; lastKnownFileType = sourcecode.swift; path = UnitTestHelpers.swift; sourceTree = "<group>"; };
		0D1D0BA125FEF9C000ABF250 /* EarthquakeMainPage.swift */ = {isa = PBXFileReference; lastKnownFileType = sourcecode.swift; path = EarthquakeMainPage.swift; sourceTree = "<group>"; };
		0D1D0BA925FEFB6800ABF250 /* AccessibilityIdentifiers.swift */ = {isa = PBXFileReference; lastKnownFileType = sourcecode.swift; path = AccessibilityIdentifiers.swift; sourceTree = "<group>"; };
		0DAFA9C225F98CB200DDDF07 /* Earthquakes.app */ = {isa = PBXFileReference; explicitFileType = wrapper.application; includeInIndex = 0; path = Earthquakes.app; sourceTree = BUILT_PRODUCTS_DIR; };
		0DAFA9C525F98CB200DDDF07 /* AppDelegate.swift */ = {isa = PBXFileReference; lastKnownFileType = sourcecode.swift; path = AppDelegate.swift; sourceTree = "<group>"; };
		0DAFA9C725F98CB200DDDF07 /* SceneDelegate.swift */ = {isa = PBXFileReference; lastKnownFileType = sourcecode.swift; path = SceneDelegate.swift; sourceTree = "<group>"; };
		0DAFA9CE25F98CB400DDDF07 /* Assets.xcassets */ = {isa = PBXFileReference; lastKnownFileType = folder.assetcatalog; path = Assets.xcassets; sourceTree = "<group>"; };
		0DAFA9D125F98CB400DDDF07 /* Base */ = {isa = PBXFileReference; lastKnownFileType = file.storyboard; name = Base; path = Base.lproj/LaunchScreen.storyboard; sourceTree = "<group>"; };
		0DAFA9D325F98CB400DDDF07 /* Info.plist */ = {isa = PBXFileReference; lastKnownFileType = text.plist.xml; path = Info.plist; sourceTree = "<group>"; };
		0DAFA9D825F98CB400DDDF07 /* EarthquakesTests.xctest */ = {isa = PBXFileReference; explicitFileType = wrapper.cfbundle; includeInIndex = 0; path = EarthquakesTests.xctest; sourceTree = BUILT_PRODUCTS_DIR; };
		0DAFA9DE25F98CB400DDDF07 /* Info.plist */ = {isa = PBXFileReference; lastKnownFileType = text.plist.xml; path = Info.plist; sourceTree = "<group>"; };
		0DAFA9E325F98CB400DDDF07 /* EarthquakesUITests.xctest */ = {isa = PBXFileReference; explicitFileType = wrapper.cfbundle; includeInIndex = 0; path = EarthquakesUITests.xctest; sourceTree = BUILT_PRODUCTS_DIR; };
		0DAFA9E725F98CB400DDDF07 /* EarthquakesUITests.swift */ = {isa = PBXFileReference; lastKnownFileType = sourcecode.swift; path = EarthquakesUITests.swift; sourceTree = "<group>"; };
		0DAFA9E925F98CB400DDDF07 /* Info.plist */ = {isa = PBXFileReference; lastKnownFileType = text.plist.xml; path = Info.plist; sourceTree = "<group>"; };
		0DAFAA0125F98DFA00DDDF07 /* EarthquakeTableViewController.swift */ = {isa = PBXFileReference; lastKnownFileType = sourcecode.swift; path = EarthquakeTableViewController.swift; sourceTree = "<group>"; };
		0DAFAA0A25F991A200DDDF07 /* EarthquakeTableViewCell.swift */ = {isa = PBXFileReference; lastKnownFileType = sourcecode.swift; path = EarthquakeTableViewCell.swift; sourceTree = "<group>"; };
		0DAFAA1425F992EF00DDDF07 /* EarthquakeDetailViewController.swift */ = {isa = PBXFileReference; lastKnownFileType = sourcecode.swift; path = EarthquakeDetailViewController.swift; sourceTree = "<group>"; };
		0DC509EB25FA87E80088A48F /* EarthquakeCellViewModel.swift */ = {isa = PBXFileReference; lastKnownFileType = sourcecode.swift; path = EarthquakeCellViewModel.swift; sourceTree = "<group>"; };
		0DC509F025FA8D540088A48F /* Earthquake.swift */ = {isa = PBXFileReference; lastKnownFileType = sourcecode.swift; path = Earthquake.swift; sourceTree = "<group>"; };
		0DC509FE25FADFEE0088A48F /* ApiService.swift */ = {isa = PBXFileReference; lastKnownFileType = sourcecode.swift; path = ApiService.swift; sourceTree = "<group>"; };
		0DC50A0325FAF0490088A48F /* EQError.swift */ = {isa = PBXFileReference; lastKnownFileType = sourcecode.swift; path = EQError.swift; sourceTree = "<group>"; };
		0DC50A0C25FAFCFB0088A48F /* UIViewController+Extensions.swift */ = {isa = PBXFileReference; lastKnownFileType = sourcecode.swift; path = "UIViewController+Extensions.swift"; sourceTree = "<group>"; };
		0DC50A1525FB042D0088A48F /* Date+Ext.swift */ = {isa = PBXFileReference; lastKnownFileType = sourcecode.swift; path = "Date+Ext.swift"; sourceTree = "<group>"; };
		0DC50A1B25FB35150088A48F /* EarthquakeTableViewModelType.swift */ = {isa = PBXFileReference; lastKnownFileType = sourcecode.swift; path = EarthquakeTableViewModelType.swift; sourceTree = "<group>"; };
		0DC50A2325FB357D0088A48F /* EarthquakeCellViewModelType.swift */ = {isa = PBXFileReference; lastKnownFileType = sourcecode.swift; path = EarthquakeCellViewModelType.swift; sourceTree = "<group>"; };
		0DC50A2B25FB36890088A48F /* EarthquakeTableViewModel.swift */ = {isa = PBXFileReference; lastKnownFileType = sourcecode.swift; path = EarthquakeTableViewModel.swift; sourceTree = "<group>"; };
/* End PBXFileReference section */

/* Begin PBXFrameworksBuildPhase section */
		0DAFA9BF25F98CB200DDDF07 /* Frameworks */ = {
			isa = PBXFrameworksBuildPhase;
			buildActionMask = 2147483647;
			files = (
			);
			runOnlyForDeploymentPostprocessing = 0;
		};
		0DAFA9D525F98CB400DDDF07 /* Frameworks */ = {
			isa = PBXFrameworksBuildPhase;
			buildActionMask = 2147483647;
			files = (
			);
			runOnlyForDeploymentPostprocessing = 0;
		};
		0DAFA9E025F98CB400DDDF07 /* Frameworks */ = {
			isa = PBXFrameworksBuildPhase;
			buildActionMask = 2147483647;
			files = (
			);
			runOnlyForDeploymentPostprocessing = 0;
		};
/* End PBXFrameworksBuildPhase section */

/* Begin PBXGroup section */
		0D1D0B6A25FD455800ABF250 /* Delegates */ = {
			isa = PBXGroup;
			children = (
				0D1D0B6B25FD458C00ABF250 /* EarthquakeTableViewModelDelegate.swift */,
			);
			path = Delegates;
			sourceTree = "<group>";
		};
		0D1D0B8F25FDEE4300ABF250 /* Helper */ = {
			isa = PBXGroup;
			children = (
				0D1D0B9025FDEE5600ABF250 /* UnitTestHelpers.swift */,
			);
			path = Helper;
			sourceTree = "<group>";
		};
		0D1D0B9B25FDF15400ABF250 /* Tests */ = {
			isa = PBXGroup;
			children = (
				0DC509FD25FAA7580088A48F /* Model */,
				0D1D0B9C25FDF16A00ABF250 /* Extensions */,
			);
			path = Tests;
			sourceTree = "<group>";
		};
		0D1D0B9C25FDF16A00ABF250 /* Extensions */ = {
			isa = PBXGroup;
			children = (
			);
			path = Extensions;
			sourceTree = "<group>";
		};
		0D1D0BA025FEF99800ABF250 /* POM */ = {
			isa = PBXGroup;
			children = (
				0D1D0BA125FEF9C000ABF250 /* EarthquakeMainPage.swift */,
			);
			path = POM;
			sourceTree = "<group>";
		};
		0DAFA9B925F98CB200DDDF07 = {
			isa = PBXGroup;
			children = (
				0DAFA9C425F98CB200DDDF07 /* Earthquakes */,
				0DAFA9DB25F98CB400DDDF07 /* EarthquakesTests */,
				0DAFA9E625F98CB400DDDF07 /* EarthquakesUITests */,
				0DAFA9C325F98CB200DDDF07 /* Products */,
			);
			sourceTree = "<group>";
		};
		0DAFA9C325F98CB200DDDF07 /* Products */ = {
			isa = PBXGroup;
			children = (
				0DAFA9C225F98CB200DDDF07 /* Earthquakes.app */,
				0DAFA9D825F98CB400DDDF07 /* EarthquakesTests.xctest */,
				0DAFA9E325F98CB400DDDF07 /* EarthquakesUITests.xctest */,
			);
			name = Products;
			sourceTree = "<group>";
		};
		0DAFA9C425F98CB200DDDF07 /* Earthquakes */ = {
			isa = PBXGroup;
			children = (
				0DAFAA0625F9901000DDDF07 /* Networking */,
				0DC50A1125FB011B0088A48F /* Utilities */,
				0DC50A0B25FAFCE20088A48F /* Extensions */,
				0DAFA9F825F98D1700DDDF07 /* Model */,
				0DAFA9F925F98D1D00DDDF07 /* ViewModel */,
				0DAFA9FA25F98D2B00DDDF07 /* View */,
				0DAFA9C525F98CB200DDDF07 /* AppDelegate.swift */,
				0DAFA9C725F98CB200DDDF07 /* SceneDelegate.swift */,
				0DAFA9CE25F98CB400DDDF07 /* Assets.xcassets */,
				0DAFA9D025F98CB400DDDF07 /* LaunchScreen.storyboard */,
				0DAFA9D325F98CB400DDDF07 /* Info.plist */,
			);
			path = Earthquakes;
			sourceTree = "<group>";
		};
		0DAFA9DB25F98CB400DDDF07 /* EarthquakesTests */ = {
			isa = PBXGroup;
			children = (
				0D1D0B8F25FDEE4300ABF250 /* Helper */,
				0D1D0B9B25FDF15400ABF250 /* Tests */,
				0DAFA9DE25F98CB400DDDF07 /* Info.plist */,
			);
			path = EarthquakesTests;
			sourceTree = "<group>";
		};
		0DAFA9E625F98CB400DDDF07 /* EarthquakesUITests */ = {
			isa = PBXGroup;
			children = (
				0D1D0BA025FEF99800ABF250 /* POM */,
				0DAFA9E725F98CB400DDDF07 /* EarthquakesUITests.swift */,
				0DAFA9E925F98CB400DDDF07 /* Info.plist */,
			);
			path = EarthquakesUITests;
			sourceTree = "<group>";
		};
		0DAFA9F825F98D1700DDDF07 /* Model */ = {
			isa = PBXGroup;
			children = (
				0DC509F025FA8D540088A48F /* Earthquake.swift */,
			);
			path = Model;
			sourceTree = "<group>";
		};
		0DAFA9F925F98D1D00DDDF07 /* ViewModel */ = {
			isa = PBXGroup;
			children = (
				0D1D0B6A25FD455800ABF250 /* Delegates */,
				0DC50A1A25FB34E00088A48F /* Protocols */,
				0DC509EB25FA87E80088A48F /* EarthquakeCellViewModel.swift */,
				0DC50A2B25FB36890088A48F /* EarthquakeTableViewModel.swift */,
				0D1D0B7825FD6C5600ABF250 /* EarthquakeDetailViewModel.swift */,
			);
			path = ViewModel;
			sourceTree = "<group>";
		};
		0DAFA9FA25F98D2B00DDDF07 /* View */ = {
			isa = PBXGroup;
			children = (
				0DAFAA0F25F9924900DDDF07 /* EarthquakeList */,
				0DAFAA1025F9925300DDDF07 /* EarthquakeDetail */,
			);
			path = View;
			sourceTree = "<group>";
		};
		0DAFAA0625F9901000DDDF07 /* Networking */ = {
			isa = PBXGroup;
			children = (
				0DC509FE25FADFEE0088A48F /* ApiService.swift */,
			);
			path = Networking;
			sourceTree = "<group>";
		};
		0DAFAA0F25F9924900DDDF07 /* EarthquakeList */ = {
			isa = PBXGroup;
			children = (
				0DAFAA0125F98DFA00DDDF07 /* EarthquakeTableViewController.swift */,
				0DAFAA0A25F991A200DDDF07 /* EarthquakeTableViewCell.swift */,
			);
			path = EarthquakeList;
			sourceTree = "<group>";
		};
		0DAFAA1025F9925300DDDF07 /* EarthquakeDetail */ = {
			isa = PBXGroup;
			children = (
				0DAFAA1425F992EF00DDDF07 /* EarthquakeDetailViewController.swift */,
			);
			path = EarthquakeDetail;
			sourceTree = "<group>";
		};
		0DC509FD25FAA7580088A48F /* Model */ = {
			isa = PBXGroup;
			children = (
				0D1D0B8725FDED6300ABF250 /* EarthquakeTests.swift */,
			);
			path = Model;
			sourceTree = "<group>";
		};
		0DC50A0B25FAFCE20088A48F /* Extensions */ = {
			isa = PBXGroup;
			children = (
				0DC50A0C25FAFCFB0088A48F /* UIViewController+Extensions.swift */,
				0DC50A1525FB042D0088A48F /* Date+Ext.swift */,
			);
			path = Extensions;
			sourceTree = "<group>";
		};
		0DC50A1125FB011B0088A48F /* Utilities */ = {
			isa = PBXGroup;
			children = (
				0DC50A0325FAF0490088A48F /* EQError.swift */,
				0D1D0BA925FEFB6800ABF250 /* AccessibilityIdentifiers.swift */,
			);
			path = Utilities;
			sourceTree = "<group>";
		};
		0DC50A1A25FB34E00088A48F /* Protocols */ = {
			isa = PBXGroup;
			children = (
				0DC50A1B25FB35150088A48F /* EarthquakeTableViewModelType.swift */,
				0DC50A2325FB357D0088A48F /* EarthquakeCellViewModelType.swift */,
				0D1D0B7325FD6C1700ABF250 /* EarthquakeDetailViewModelType.swift */,
			);
			path = Protocols;
			sourceTree = "<group>";
		};
/* End PBXGroup section */

/* Begin PBXNativeTarget section */
		0DAFA9C125F98CB200DDDF07 /* Earthquakes */ = {
			isa = PBXNativeTarget;
			buildConfigurationList = 0DAFA9EC25F98CB400DDDF07 /* Build configuration list for PBXNativeTarget "Earthquakes" */;
			buildPhases = (
				0DAFA9BE25F98CB200DDDF07 /* Sources */,
				0DAFA9BF25F98CB200DDDF07 /* Frameworks */,
				0DAFA9C025F98CB200DDDF07 /* Resources */,
			);
			buildRules = (
			);
			dependencies = (
			);
			name = Earthquakes;
			productName = Earthquakes;
			productReference = 0DAFA9C225F98CB200DDDF07 /* Earthquakes.app */;
			productType = "com.apple.product-type.application";
		};
		0DAFA9D725F98CB400DDDF07 /* EarthquakesTests */ = {
			isa = PBXNativeTarget;
			buildConfigurationList = 0DAFA9EF25F98CB400DDDF07 /* Build configuration list for PBXNativeTarget "EarthquakesTests" */;
			buildPhases = (
				0DAFA9D425F98CB400DDDF07 /* Sources */,
				0DAFA9D525F98CB400DDDF07 /* Frameworks */,
				0DAFA9D625F98CB400DDDF07 /* Resources */,
			);
			buildRules = (
			);
			dependencies = (
				0DAFA9DA25F98CB400DDDF07 /* PBXTargetDependency */,
			);
			name = EarthquakesTests;
			productName = EarthquakesTests;
			productReference = 0DAFA9D825F98CB400DDDF07 /* EarthquakesTests.xctest */;
			productType = "com.apple.product-type.bundle.unit-test";
		};
		0DAFA9E225F98CB400DDDF07 /* EarthquakesUITests */ = {
			isa = PBXNativeTarget;
			buildConfigurationList = 0DAFA9F225F98CB400DDDF07 /* Build configuration list for PBXNativeTarget "EarthquakesUITests" */;
			buildPhases = (
				0DAFA9DF25F98CB400DDDF07 /* Sources */,
				0DAFA9E025F98CB400DDDF07 /* Frameworks */,
				0DAFA9E125F98CB400DDDF07 /* Resources */,
			);
			buildRules = (
			);
			dependencies = (
				0DAFA9E525F98CB400DDDF07 /* PBXTargetDependency */,
			);
			name = EarthquakesUITests;
			productName = EarthquakesUITests;
			productReference = 0DAFA9E325F98CB400DDDF07 /* EarthquakesUITests.xctest */;
			productType = "com.apple.product-type.bundle.ui-testing";
		};
/* End PBXNativeTarget section */

/* Begin PBXProject section */
		0DAFA9BA25F98CB200DDDF07 /* Project object */ = {
			isa = PBXProject;
			attributes = {
				LastSwiftUpdateCheck = 1240;
				LastUpgradeCheck = 1240;
				TargetAttributes = {
					0DAFA9C125F98CB200DDDF07 = {
						CreatedOnToolsVersion = 12.4;
					};
					0DAFA9D725F98CB400DDDF07 = {
						CreatedOnToolsVersion = 12.4;
						TestTargetID = 0DAFA9C125F98CB200DDDF07;
					};
					0DAFA9E225F98CB400DDDF07 = {
						CreatedOnToolsVersion = 12.4;
						TestTargetID = 0DAFA9C125F98CB200DDDF07;
					};
				};
			};
			buildConfigurationList = 0DAFA9BD25F98CB200DDDF07 /* Build configuration list for PBXProject "Earthquakes" */;
			compatibilityVersion = "Xcode 9.3";
			developmentRegion = en;
			hasScannedForEncodings = 0;
			knownRegions = (
				en,
				Base,
			);
			mainGroup = 0DAFA9B925F98CB200DDDF07;
			productRefGroup = 0DAFA9C325F98CB200DDDF07 /* Products */;
			projectDirPath = "";
			projectRoot = "";
			targets = (
				0DAFA9C125F98CB200DDDF07 /* Earthquakes */,
				0DAFA9D725F98CB400DDDF07 /* EarthquakesTests */,
				0DAFA9E225F98CB400DDDF07 /* EarthquakesUITests */,
			);
		};
/* End PBXProject section */

/* Begin PBXResourcesBuildPhase section */
		0DAFA9C025F98CB200DDDF07 /* Resources */ = {
			isa = PBXResourcesBuildPhase;
			buildActionMask = 2147483647;
			files = (
				0DAFA9D225F98CB400DDDF07 /* LaunchScreen.storyboard in Resources */,
				0DAFA9CF25F98CB400DDDF07 /* Assets.xcassets in Resources */,
			);
			runOnlyForDeploymentPostprocessing = 0;
		};
		0DAFA9D625F98CB400DDDF07 /* Resources */ = {
			isa = PBXResourcesBuildPhase;
			buildActionMask = 2147483647;
			files = (
			);
			runOnlyForDeploymentPostprocessing = 0;
		};
		0DAFA9E125F98CB400DDDF07 /* Resources */ = {
			isa = PBXResourcesBuildPhase;
			buildActionMask = 2147483647;
			files = (
			);
			runOnlyForDeploymentPostprocessing = 0;
		};
/* End PBXResourcesBuildPhase section */

/* Begin PBXSourcesBuildPhase section */
		0DAFA9BE25F98CB200DDDF07 /* Sources */ = {
			isa = PBXSourcesBuildPhase;
			buildActionMask = 2147483647;
			files = (
				0DC509F125FA8D540088A48F /* Earthquake.swift in Sources */,
				0DAFAA0225F98DFA00DDDF07 /* EarthquakeTableViewController.swift in Sources */,
				0DC50A0D25FAFCFB0088A48F /* UIViewController+Extensions.swift in Sources */,
				0DC509EC25FA87E80088A48F /* EarthquakeCellViewModel.swift in Sources */,
				0DAFA9C625F98CB200DDDF07 /* AppDelegate.swift in Sources */,
				0D1D0B6C25FD458C00ABF250 /* EarthquakeTableViewModelDelegate.swift in Sources */,
				0DC50A0425FAF0490088A48F /* EQError.swift in Sources */,
				0DC50A2C25FB36890088A48F /* EarthquakeTableViewModel.swift in Sources */,
				0DC50A1625FB042D0088A48F /* Date+Ext.swift in Sources */,
				0D1D0BAA25FEFB6800ABF250 /* AccessibilityIdentifiers.swift in Sources */,
				0D1D0B7925FD6C5600ABF250 /* EarthquakeDetailViewModel.swift in Sources */,
				0DC509FF25FADFEE0088A48F /* ApiService.swift in Sources */,
				0D1D0B7425FD6C1700ABF250 /* EarthquakeDetailViewModelType.swift in Sources */,
				0DAFAA0B25F991A200DDDF07 /* EarthquakeTableViewCell.swift in Sources */,
				0DAFA9C825F98CB200DDDF07 /* SceneDelegate.swift in Sources */,
				0DC50A2425FB357D0088A48F /* EarthquakeCellViewModelType.swift in Sources */,
				0DC50A1C25FB35150088A48F /* EarthquakeTableViewModelType.swift in Sources */,
				0DAFAA1525F992EF00DDDF07 /* EarthquakeDetailViewController.swift in Sources */,
			);
			runOnlyForDeploymentPostprocessing = 0;
		};
		0DAFA9D425F98CB400DDDF07 /* Sources */ = {
			isa = PBXSourcesBuildPhase;
			buildActionMask = 2147483647;
			files = (
				0D1D0B9125FDEE5600ABF250 /* UnitTestHelpers.swift in Sources */,
				0D1D0B8825FDED6300ABF250 /* EarthquakeTests.swift in Sources */,
			);
			runOnlyForDeploymentPostprocessing = 0;
		};
		0DAFA9DF25F98CB400DDDF07 /* Sources */ = {
			isa = PBXSourcesBuildPhase;
			buildActionMask = 2147483647;
			files = (
				0D1D0BAB25FEFB6800ABF250 /* AccessibilityIdentifiers.swift in Sources */,
				0D1D0BA225FEF9C000ABF250 /* EarthquakeMainPage.swift in Sources */,
				0DAFA9E825F98CB400DDDF07 /* EarthquakesUITests.swift in Sources */,
			);
			runOnlyForDeploymentPostprocessing = 0;
		};
/* End PBXSourcesBuildPhase section */

/* Begin PBXTargetDependency section */
		0DAFA9DA25F98CB400DDDF07 /* PBXTargetDependency */ = {
			isa = PBXTargetDependency;
			target = 0DAFA9C125F98CB200DDDF07 /* Earthquakes */;
			targetProxy = 0DAFA9D925F98CB400DDDF07 /* PBXContainerItemProxy */;
		};
		0DAFA9E525F98CB400DDDF07 /* PBXTargetDependency */ = {
			isa = PBXTargetDependency;
			target = 0DAFA9C125F98CB200DDDF07 /* Earthquakes */;
			targetProxy = 0DAFA9E425F98CB400DDDF07 /* PBXContainerItemProxy */;
		};
/* End PBXTargetDependency section */

/* Begin PBXVariantGroup section */
		0DAFA9D025F98CB400DDDF07 /* LaunchScreen.storyboard */ = {
			isa = PBXVariantGroup;
			children = (
				0DAFA9D125F98CB400DDDF07 /* Base */,
			);
			name = LaunchScreen.storyboard;
			sourceTree = "<group>";
		};
/* End PBXVariantGroup section */

/* Begin XCBuildConfiguration section */
		0DAFA9EA25F98CB400DDDF07 /* Debug */ = {
			isa = XCBuildConfiguration;
			buildSettings = {
				ALWAYS_SEARCH_USER_PATHS = NO;
				CLANG_ANALYZER_NONNULL = YES;
				CLANG_ANALYZER_NUMBER_OBJECT_CONVERSION = YES_AGGRESSIVE;
				CLANG_CXX_LANGUAGE_STANDARD = "gnu++14";
				CLANG_CXX_LIBRARY = "libc++";
				CLANG_ENABLE_MODULES = YES;
				CLANG_ENABLE_OBJC_ARC = YES;
				CLANG_ENABLE_OBJC_WEAK = YES;
				CLANG_WARN_BLOCK_CAPTURE_AUTORELEASING = YES;
				CLANG_WARN_BOOL_CONVERSION = YES;
				CLANG_WARN_COMMA = YES;
				CLANG_WARN_CONSTANT_CONVERSION = YES;
				CLANG_WARN_DEPRECATED_OBJC_IMPLEMENTATIONS = YES;
				CLANG_WARN_DIRECT_OBJC_ISA_USAGE = YES_ERROR;
				CLANG_WARN_DOCUMENTATION_COMMENTS = YES;
				CLANG_WARN_EMPTY_BODY = YES;
				CLANG_WARN_ENUM_CONVERSION = YES;
				CLANG_WARN_INFINITE_RECURSION = YES;
				CLANG_WARN_INT_CONVERSION = YES;
				CLANG_WARN_NON_LITERAL_NULL_CONVERSION = YES;
				CLANG_WARN_OBJC_IMPLICIT_RETAIN_SELF = YES;
				CLANG_WARN_OBJC_LITERAL_CONVERSION = YES;
				CLANG_WARN_OBJC_ROOT_CLASS = YES_ERROR;
				CLANG_WARN_QUOTED_INCLUDE_IN_FRAMEWORK_HEADER = YES;
				CLANG_WARN_RANGE_LOOP_ANALYSIS = YES;
				CLANG_WARN_STRICT_PROTOTYPES = YES;
				CLANG_WARN_SUSPICIOUS_MOVE = YES;
				CLANG_WARN_UNGUARDED_AVAILABILITY = YES_AGGRESSIVE;
				CLANG_WARN_UNREACHABLE_CODE = YES;
				CLANG_WARN__DUPLICATE_METHOD_MATCH = YES;
				COPY_PHASE_STRIP = NO;
				DEBUG_INFORMATION_FORMAT = dwarf;
				ENABLE_STRICT_OBJC_MSGSEND = YES;
				ENABLE_TESTABILITY = YES;
				GCC_C_LANGUAGE_STANDARD = gnu11;
				GCC_DYNAMIC_NO_PIC = NO;
				GCC_NO_COMMON_BLOCKS = YES;
				GCC_OPTIMIZATION_LEVEL = 0;
				GCC_PREPROCESSOR_DEFINITIONS = (
					"DEBUG=1",
					"$(inherited)",
				);
				GCC_WARN_64_TO_32_BIT_CONVERSION = YES;
				GCC_WARN_ABOUT_RETURN_TYPE = YES_ERROR;
				GCC_WARN_UNDECLARED_SELECTOR = YES;
				GCC_WARN_UNINITIALIZED_AUTOS = YES_AGGRESSIVE;
				GCC_WARN_UNUSED_FUNCTION = YES;
				GCC_WARN_UNUSED_VARIABLE = YES;
				IPHONEOS_DEPLOYMENT_TARGET = 14.4;
				MTL_ENABLE_DEBUG_INFO = INCLUDE_SOURCE;
				MTL_FAST_MATH = YES;
				ONLY_ACTIVE_ARCH = YES;
				SDKROOT = iphoneos;
				SWIFT_ACTIVE_COMPILATION_CONDITIONS = DEBUG;
				SWIFT_OPTIMIZATION_LEVEL = "-Onone";
			};
			name = Debug;
		};
		0DAFA9EB25F98CB400DDDF07 /* Release */ = {
			isa = XCBuildConfiguration;
			buildSettings = {
				ALWAYS_SEARCH_USER_PATHS = NO;
				CLANG_ANALYZER_NONNULL = YES;
				CLANG_ANALYZER_NUMBER_OBJECT_CONVERSION = YES_AGGRESSIVE;
				CLANG_CXX_LANGUAGE_STANDARD = "gnu++14";
				CLANG_CXX_LIBRARY = "libc++";
				CLANG_ENABLE_MODULES = YES;
				CLANG_ENABLE_OBJC_ARC = YES;
				CLANG_ENABLE_OBJC_WEAK = YES;
				CLANG_WARN_BLOCK_CAPTURE_AUTORELEASING = YES;
				CLANG_WARN_BOOL_CONVERSION = YES;
				CLANG_WARN_COMMA = YES;
				CLANG_WARN_CONSTANT_CONVERSION = YES;
				CLANG_WARN_DEPRECATED_OBJC_IMPLEMENTATIONS = YES;
				CLANG_WARN_DIRECT_OBJC_ISA_USAGE = YES_ERROR;
				CLANG_WARN_DOCUMENTATION_COMMENTS = YES;
				CLANG_WARN_EMPTY_BODY = YES;
				CLANG_WARN_ENUM_CONVERSION = YES;
				CLANG_WARN_INFINITE_RECURSION = YES;
				CLANG_WARN_INT_CONVERSION = YES;
				CLANG_WARN_NON_LITERAL_NULL_CONVERSION = YES;
				CLANG_WARN_OBJC_IMPLICIT_RETAIN_SELF = YES;
				CLANG_WARN_OBJC_LITERAL_CONVERSION = YES;
				CLANG_WARN_OBJC_ROOT_CLASS = YES_ERROR;
				CLANG_WARN_QUOTED_INCLUDE_IN_FRAMEWORK_HEADER = YES;
				CLANG_WARN_RANGE_LOOP_ANALYSIS = YES;
				CLANG_WARN_STRICT_PROTOTYPES = YES;
				CLANG_WARN_SUSPICIOUS_MOVE = YES;
				CLANG_WARN_UNGUARDED_AVAILABILITY = YES_AGGRESSIVE;
				CLANG_WARN_UNREACHABLE_CODE = YES;
				CLANG_WARN__DUPLICATE_METHOD_MATCH = YES;
				COPY_PHASE_STRIP = NO;
				DEBUG_INFORMATION_FORMAT = "dwarf-with-dsym";
				ENABLE_NS_ASSERTIONS = NO;
				ENABLE_STRICT_OBJC_MSGSEND = YES;
				GCC_C_LANGUAGE_STANDARD = gnu11;
				GCC_NO_COMMON_BLOCKS = YES;
				GCC_WARN_64_TO_32_BIT_CONVERSION = YES;
				GCC_WARN_ABOUT_RETURN_TYPE = YES_ERROR;
				GCC_WARN_UNDECLARED_SELECTOR = YES;
				GCC_WARN_UNINITIALIZED_AUTOS = YES_AGGRESSIVE;
				GCC_WARN_UNUSED_FUNCTION = YES;
				GCC_WARN_UNUSED_VARIABLE = YES;
				IPHONEOS_DEPLOYMENT_TARGET = 14.4;
				MTL_ENABLE_DEBUG_INFO = NO;
				MTL_FAST_MATH = YES;
				SDKROOT = iphoneos;
				SWIFT_COMPILATION_MODE = wholemodule;
				SWIFT_OPTIMIZATION_LEVEL = "-O";
				VALIDATE_PRODUCT = YES;
			};
			name = Release;
		};
		0DAFA9ED25F98CB400DDDF07 /* Debug */ = {
			isa = XCBuildConfiguration;
			buildSettings = {
				ASSETCATALOG_COMPILER_APPICON_NAME = AppIcon;
				ASSETCATALOG_COMPILER_GLOBAL_ACCENT_COLOR_NAME = AccentColor;
				CODE_SIGN_STYLE = Automatic;
				DEVELOPMENT_TEAM = L4M78CKJZX;
				INFOPLIST_FILE = Earthquakes/Info.plist;
				LD_RUNPATH_SEARCH_PATHS = (
					"$(inherited)",
					"@executable_path/Frameworks",
				);
				PRODUCT_BUNDLE_IDENTIFIER = AminjoniAbdullozoda.Earthquakes;
				PRODUCT_NAME = "$(TARGET_NAME)";
				SWIFT_VERSION = 5.0;
				TARGETED_DEVICE_FAMILY = "1,2";
			};
			name = Debug;
		};
		0DAFA9EE25F98CB400DDDF07 /* Release */ = {
			isa = XCBuildConfiguration;
			buildSettings = {
				ASSETCATALOG_COMPILER_APPICON_NAME = AppIcon;
				ASSETCATALOG_COMPILER_GLOBAL_ACCENT_COLOR_NAME = AccentColor;
				CODE_SIGN_STYLE = Automatic;
				DEVELOPMENT_TEAM = L4M78CKJZX;
				INFOPLIST_FILE = Earthquakes/Info.plist;
				LD_RUNPATH_SEARCH_PATHS = (
					"$(inherited)",
					"@executable_path/Frameworks",
				);
				PRODUCT_BUNDLE_IDENTIFIER = AminjoniAbdullozoda.Earthquakes;
				PRODUCT_NAME = "$(TARGET_NAME)";
				SWIFT_VERSION = 5.0;
				TARGETED_DEVICE_FAMILY = "1,2";
			};
			name = Release;
		};
		0DAFA9F025F98CB400DDDF07 /* Debug */ = {
			isa = XCBuildConfiguration;
			buildSettings = {
				ALWAYS_EMBED_SWIFT_STANDARD_LIBRARIES = YES;
				BUNDLE_LOADER = "$(TEST_HOST)";
				CODE_SIGN_STYLE = Automatic;
				DEVELOPMENT_TEAM = L4M78CKJZX;
				INFOPLIST_FILE = EarthquakesTests/Info.plist;
				IPHONEOS_DEPLOYMENT_TARGET = 14.4;
				LD_RUNPATH_SEARCH_PATHS = (
					"$(inherited)",
					"@executable_path/Frameworks",
					"@loader_path/Frameworks",
				);
				PRODUCT_BUNDLE_IDENTIFIER = AminjoniAbdullozoda.EarthquakesTests;
				PRODUCT_NAME = "$(TARGET_NAME)";
				SWIFT_VERSION = 5.0;
				TARGETED_DEVICE_FAMILY = "1,2";
				TEST_HOST = "$(BUILT_PRODUCTS_DIR)/Earthquakes.app/Earthquakes";
			};
			name = Debug;
		};
		0DAFA9F125F98CB400DDDF07 /* Release */ = {
			isa = XCBuildConfiguration;
			buildSettings = {
				ALWAYS_EMBED_SWIFT_STANDARD_LIBRARIES = YES;
				BUNDLE_LOADER = "$(TEST_HOST)";
				CODE_SIGN_STYLE = Automatic;
				DEVELOPMENT_TEAM = L4M78CKJZX;
				INFOPLIST_FILE = EarthquakesTests/Info.plist;
				IPHONEOS_DEPLOYMENT_TARGET = 14.4;
				LD_RUNPATH_SEARCH_PATHS = (
					"$(inherited)",
					"@executable_path/Frameworks",
					"@loader_path/Frameworks",
				);
				PRODUCT_BUNDLE_IDENTIFIER = AminjoniAbdullozoda.EarthquakesTests;
				PRODUCT_NAME = "$(TARGET_NAME)";
				SWIFT_VERSION = 5.0;
				TARGETED_DEVICE_FAMILY = "1,2";
				TEST_HOST = "$(BUILT_PRODUCTS_DIR)/Earthquakes.app/Earthquakes";
			};
			name = Release;
		};
		0DAFA9F325F98CB400DDDF07 /* Debug */ = {
			isa = XCBuildConfiguration;
			buildSettings = {
				ALWAYS_EMBED_SWIFT_STANDARD_LIBRARIES = YES;
				CODE_SIGN_STYLE = Automatic;
				DEVELOPMENT_TEAM = L4M78CKJZX;
				INFOPLIST_FILE = EarthquakesUITests/Info.plist;
				LD_RUNPATH_SEARCH_PATHS = (
					"$(inherited)",
					"@executable_path/Frameworks",
					"@loader_path/Frameworks",
				);
				PRODUCT_BUNDLE_IDENTIFIER = AminjoniAbdullozoda.EarthquakesUITests;
				PRODUCT_NAME = "$(TARGET_NAME)";
				SWIFT_VERSION = 5.0;
				TARGETED_DEVICE_FAMILY = "1,2";
				TEST_TARGET_NAME = Earthquakes;
			};
			name = Debug;
		};
		0DAFA9F425F98CB400DDDF07 /* Release */ = {
			isa = XCBuildConfiguration;
			buildSettings = {
				ALWAYS_EMBED_SWIFT_STANDARD_LIBRARIES = YES;
				CODE_SIGN_STYLE = Automatic;
				DEVELOPMENT_TEAM = L4M78CKJZX;
				INFOPLIST_FILE = EarthquakesUITests/Info.plist;
				LD_RUNPATH_SEARCH_PATHS = (
					"$(inherited)",
					"@executable_path/Frameworks",
					"@loader_path/Frameworks",
				);
				PRODUCT_BUNDLE_IDENTIFIER = AminjoniAbdullozoda.EarthquakesUITests;
				PRODUCT_NAME = "$(TARGET_NAME)";
				SWIFT_VERSION = 5.0;
				TARGETED_DEVICE_FAMILY = "1,2";
				TEST_TARGET_NAME = Earthquakes;
			};
			name = Release;
		};
/* End XCBuildConfiguration section */

/* Begin XCConfigurationList section */
		0DAFA9BD25F98CB200DDDF07 /* Build configuration list for PBXProject "Earthquakes" */ = {
			isa = XCConfigurationList;
			buildConfigurations = (
				0DAFA9EA25F98CB400DDDF07 /* Debug */,
				0DAFA9EB25F98CB400DDDF07 /* Release */,
			);
			defaultConfigurationIsVisible = 0;
			defaultConfigurationName = Release;
		};
		0DAFA9EC25F98CB400DDDF07 /* Build configuration list for PBXNativeTarget "Earthquakes" */ = {
			isa = XCConfigurationList;
			buildConfigurations = (
				0DAFA9ED25F98CB400DDDF07 /* Debug */,
				0DAFA9EE25F98CB400DDDF07 /* Release */,
			);
			defaultConfigurationIsVisible = 0;
			defaultConfigurationName = Release;
		};
		0DAFA9EF25F98CB400DDDF07 /* Build configuration list for PBXNativeTarget "EarthquakesTests" */ = {
			isa = XCConfigurationList;
			buildConfigurations = (
				0DAFA9F025F98CB400DDDF07 /* Debug */,
				0DAFA9F125F98CB400DDDF07 /* Release */,
			);
			defaultConfigurationIsVisible = 0;
			defaultConfigurationName = Release;
		};
		0DAFA9F225F98CB400DDDF07 /* Build configuration list for PBXNativeTarget "EarthquakesUITests" */ = {
			isa = XCConfigurationList;
			buildConfigurations = (
				0DAFA9F325F98CB400DDDF07 /* Debug */,
				0DAFA9F425F98CB400DDDF07 /* Release */,
			);
			defaultConfigurationIsVisible = 0;
			defaultConfigurationName = Release;
		};
/* End XCConfigurationList section */
	};
	rootObject = 0DAFA9BA25F98CB200DDDF07 /* Project object */;
}
